
Microsoft Visual Studio Solution File, Format Version 12.00
# Visual Studio Version 16
VisualStudioVersion = 16.0.31613.86
MinimumVisualStudioVersion = 10.0.40219.1
Project("{FAE04EC0-301F-11D3-BF4B-00C04F79EFBC}") = "Day 1 Exercise", "Day 1 Exercise\Day 1 Exercise.csproj", "{D082A563-3755-4A05-A6C0-AE65E7F80C88}"
EndProject
Global
	GlobalSection(SolutionConfigurationPlatforms) = preSolution
		Debug|Any CPU = Debug|Any CPU
		Release|Any CPU = Release|Any CPU
	EndGlobalSection
	GlobalSection(ProjectConfigurationPlatforms) = postSolution
		{D082A563-3755-4A05-A6C0-AE65E7F80C88}.Debug|Any CPU.ActiveCfg = Debug|Any CPU
		{D082A563-3755-4A05-A6C0-AE65E7F80C88}.Debug|Any CPU.Build.0 = Debug|Any CPU
		{D082A563-3755-4A05-A6C0-AE65E7F80C88}.Release|Any CPU.ActiveCfg = Release|Any CPU
		{D082A563-3755-4A05-A6C0-AE65E7F80C88}.Release|Any CPU.Build.0 = Release|Any CPU
	EndGlobalSection
	GlobalSection(SolutionProperties) = preSolution
		HideSolutionNode = FALSE
	EndGlobalSection
	GlobalSection(ExtensibilityGlobals) = postSolution
		SolutionGuid = {B41F05E6-B115-41E4-BC2E-F1BB13E0B9ED}
	EndGlobalSection
EndGlobal
